// !$*UTF8*$!
{
	archiveVersion = 1;
	classes = {
	};
	objectVersion = 46;
	objects = {

/* Begin PBXBuildFile section */
		6D2F2B4F1B412D5C00B267C9 /* EditTags.swift in Sources */ = {isa = PBXBuildFile; fileRef = 6D2F2B4E1B412D5C00B267C9 /* EditTags.swift */; };
		6D5960531AFCB2AD0039EE47 /* SelectDate.swift in Sources */ = {isa = PBXBuildFile; fileRef = 6D5960521AFCB2AD0039EE47 /* SelectDate.swift */; };
		6D5960551AFCD45E0039EE47 /* SelectDeck.swift in Sources */ = {isa = PBXBuildFile; fileRef = 6D5960541AFCD45E0039EE47 /* SelectDeck.swift */; };
		6D5960571AFCD7880039EE47 /* SelectOpponentClass.swift in Sources */ = {isa = PBXBuildFile; fileRef = 6D5960561AFCD7880039EE47 /* SelectOpponentClass.swift */; };
		6D61AA431AF784E20013EB04 /* Game.swift in Sources */ = {isa = PBXBuildFile; fileRef = 6D61AA421AF784E20013EB04 /* Game.swift */; };
		6D6B21E71B1F276500B973B8 /* SelectDeckWatch.swift in Sources */ = {isa = PBXBuildFile; fileRef = 6D6B21E61B1F276500B973B8 /* SelectDeckWatch.swift */; };
		6D6B21E91B1F281400B973B8 /* DeckRow.swift in Sources */ = {isa = PBXBuildFile; fileRef = 6D6B21E81B1F281400B973B8 /* DeckRow.swift */; };
		6D9538411B09E1C100B4ED66 /* Piechart.swift in Sources */ = {isa = PBXBuildFile; fileRef = 6D9538401B09E1C100B4ED66 /* Piechart.swift */; };
		6D9538431B09E22400B4ED66 /* Graphs.swift in Sources */ = {isa = PBXBuildFile; fileRef = 6D9538421B09E22400B4ED66 /* Graphs.swift */; };
		6DB50E1B1B009B1D0000F97B /* GamesCell.swift in Sources */ = {isa = PBXBuildFile; fileRef = 6DB50E1A1B009B1D0000F97B /* GamesCell.swift */; };
		6DB67A621B188890000A8E54 /* DeckTrackerWatch.swift in Sources */ = {isa = PBXBuildFile; fileRef = 6DB67A611B188890000A8E54 /* DeckTrackerWatch.swift */; };
		6DB67A661B188890000A8E54 /* Images.xcassets in Resources */ = {isa = PBXBuildFile; fileRef = 6DB67A651B188890000A8E54 /* Images.xcassets */; };
		6DB67A6A1B188891000A8E54 /* Deck Tracker WatchKit App.app in Resources */ = {isa = PBXBuildFile; fileRef = 6DB67A691B188891000A8E54 /* Deck Tracker WatchKit App.app */; };
		6DB67A721B188891000A8E54 /* Interface.storyboard in Resources */ = {isa = PBXBuildFile; fileRef = 6DB67A701B188891000A8E54 /* Interface.storyboard */; };
		6DB67A741B188891000A8E54 /* Images.xcassets in Resources */ = {isa = PBXBuildFile; fileRef = 6DB67A731B188891000A8E54 /* Images.xcassets */; };
		6DB67A771B188891000A8E54 /* Deck Tracker WatchKit Extension.appex in Embed App Extensions */ = {isa = PBXBuildFile; fileRef = 6DB67A5D1B188890000A8E54 /* Deck Tracker WatchKit Extension.appex */; settings = {ATTRIBUTES = (RemoveHeadersOnCopy, ); }; };
		6DBB739B1B0209FD00005B5E /* EditGame.swift in Sources */ = {isa = PBXBuildFile; fileRef = 6DBB739A1B0209FD00005B5E /* EditGame.swift */; };
		6DBB739D1B04840000005B5E /* EditDate.swift in Sources */ = {isa = PBXBuildFile; fileRef = 6DBB739C1B04840000005B5E /* EditDate.swift */; };
		6DBB73A51B04C99E00005B5E /* EditSelectedDeck.swift in Sources */ = {isa = PBXBuildFile; fileRef = 6DBB73A41B04C99E00005B5E /* EditSelectedDeck.swift */; };
		6DBB73A71B04CDCE00005B5E /* EditOpponentClass.swift in Sources */ = {isa = PBXBuildFile; fileRef = 6DBB73A61B04CDCE00005B5E /* EditOpponentClass.swift */; };
		6DC320201B0F65D20098F60A /* GraphsViewController.swift in Sources */ = {isa = PBXBuildFile; fileRef = 6DC3201F1B0F65D20098F60A /* GraphsViewController.swift */; };
		6DD844CB1AF8A86F00CF9C80 /* Data.swift in Sources */ = {isa = PBXBuildFile; fileRef = 6DD844CA1AF8A86F00CF9C80 /* Data.swift */; };
		6DD844CD1AF8EFB300CF9C80 /* Deck.swift in Sources */ = {isa = PBXBuildFile; fileRef = 6DD844CC1AF8EFB300CF9C80 /* Deck.swift */; };
		6DD844CF1AFA306500CF9C80 /* DecksCell.swift in Sources */ = {isa = PBXBuildFile; fileRef = 6DD844CE1AFA306500CF9C80 /* DecksCell.swift */; };
		6DD866691B3D7E0F002E5D82 /* SelectNote.swift in Sources */ = {isa = PBXBuildFile; fileRef = 6DD866681B3D7E0F002E5D82 /* SelectNote.swift */; };
		6DDD44881AEF87B700A4B5D2 /* AppDelegate.swift in Sources */ = {isa = PBXBuildFile; fileRef = 6DDD44871AEF87B700A4B5D2 /* AppDelegate.swift */; };
		6DDD448A1AEF87B700A4B5D2 /* DecksList.swift in Sources */ = {isa = PBXBuildFile; fileRef = 6DDD44891AEF87B700A4B5D2 /* DecksList.swift */; };
		6DDD448C1AEF87B700A4B5D2 /* StatsList.swift in Sources */ = {isa = PBXBuildFile; fileRef = 6DDD448B1AEF87B700A4B5D2 /* StatsList.swift */; };
		6DDD448F1AEF87B700A4B5D2 /* Main.storyboard in Resources */ = {isa = PBXBuildFile; fileRef = 6DDD448D1AEF87B700A4B5D2 /* Main.storyboard */; };
		6DDD44911AEF87B700A4B5D2 /* Images.xcassets in Resources */ = {isa = PBXBuildFile; fileRef = 6DDD44901AEF87B700A4B5D2 /* Images.xcassets */; };
		6DDD44941AEF87B700A4B5D2 /* LaunchScreen.xib in Resources */ = {isa = PBXBuildFile; fileRef = 6DDD44921AEF87B700A4B5D2 /* LaunchScreen.xib */; };
		6DDD44A01AEF87B700A4B5D2 /* Deck_TrackerTests.swift in Sources */ = {isa = PBXBuildFile; fileRef = 6DDD449F1AEF87B700A4B5D2 /* Deck_TrackerTests.swift */; };
		6DDD44AA1AEFB1B300A4B5D2 /* AddDeck.swift in Sources */ = {isa = PBXBuildFile; fileRef = 6DDD44A91AEFB1B300A4B5D2 /* AddDeck.swift */; };
		6DE566961B15C2220026FBF5 /* About.swift in Sources */ = {isa = PBXBuildFile; fileRef = 6DE566951B15C2220026FBF5 /* About.swift */; };
		6DF363001AFB702600A5B507 /* AddGame.swift in Sources */ = {isa = PBXBuildFile; fileRef = 6DF362FF1AFB702600A5B507 /* AddGame.swift */; };
		6DFFCD9D1B1DAC75005218D8 /* SelectOpponentWatch.swift in Sources */ = {isa = PBXBuildFile; fileRef = 6DFFCD9C1B1DAC75005218D8 /* SelectOpponentWatch.swift */; };
		8B10AFCD1B0310A100D33C29 /* Fabric.framework in Frameworks */ = {isa = PBXBuildFile; fileRef = 8B10AFCB1B0310A100D33C29 /* Fabric.framework */; };
		8B10AFCE1B0310A100D33C29 /* Crashlytics.framework in Frameworks */ = {isa = PBXBuildFile; fileRef = 8B10AFCC1B0310A100D33C29 /* Crashlytics.framework */; };
		8BD870E51B223042008398B8 /* Deck.swift in Sources */ = {isa = PBXBuildFile; fileRef = 6DD844CC1AF8EFB300CF9C80 /* Deck.swift */; };
/* End PBXBuildFile section */

/* Begin PBXContainerItemProxy section */
		6DB67A6B1B188891000A8E54 /* PBXContainerItemProxy */ = {
			isa = PBXContainerItemProxy;
			containerPortal = 6DDD447A1AEF87B700A4B5D2 /* Project object */;
			proxyType = 1;
			remoteGlobalIDString = 6DB67A681B188891000A8E54;
			remoteInfo = "Deck Tracker WatchKit App";
		};
		6DB67A751B188891000A8E54 /* PBXContainerItemProxy */ = {
			isa = PBXContainerItemProxy;
			containerPortal = 6DDD447A1AEF87B700A4B5D2 /* Project object */;
			proxyType = 1;
			remoteGlobalIDString = 6DB67A5C1B188890000A8E54;
			remoteInfo = "Deck Tracker WatchKit Extension";
		};
		6DDD449A1AEF87B700A4B5D2 /* PBXContainerItemProxy */ = {
			isa = PBXContainerItemProxy;
			containerPortal = 6DDD447A1AEF87B700A4B5D2 /* Project object */;
			proxyType = 1;
			remoteGlobalIDString = 6DDD44811AEF87B700A4B5D2;
			remoteInfo = "Deck Tracker";
		};
/* End PBXContainerItemProxy section */

/* Begin PBXCopyFilesBuildPhase section */
		6DB67A7E1B188891000A8E54 /* Embed App Extensions */ = {
			isa = PBXCopyFilesBuildPhase;
			buildActionMask = 2147483647;
			dstPath = "";
			dstSubfolderSpec = 13;
			files = (
				6DB67A771B188891000A8E54 /* Deck Tracker WatchKit Extension.appex in Embed App Extensions */,
			);
			name = "Embed App Extensions";
			runOnlyForDeploymentPostprocessing = 0;
		};
/* End PBXCopyFilesBuildPhase section */

/* Begin PBXFileReference section */
		6D2F2B4E1B412D5C00B267C9 /* EditTags.swift */ = {isa = PBXFileReference; fileEncoding = 4; lastKnownFileType = sourcecode.swift; path = EditTags.swift; sourceTree = "<group>"; };
		6D5960521AFCB2AD0039EE47 /* SelectDate.swift */ = {isa = PBXFileReference; fileEncoding = 4; lastKnownFileType = sourcecode.swift; path = SelectDate.swift; sourceTree = "<group>"; };
		6D5960541AFCD45E0039EE47 /* SelectDeck.swift */ = {isa = PBXFileReference; fileEncoding = 4; lastKnownFileType = sourcecode.swift; path = SelectDeck.swift; sourceTree = "<group>"; };
		6D5960561AFCD7880039EE47 /* SelectOpponentClass.swift */ = {isa = PBXFileReference; fileEncoding = 4; lastKnownFileType = sourcecode.swift; path = SelectOpponentClass.swift; sourceTree = "<group>"; };
		6D61AA421AF784E20013EB04 /* Game.swift */ = {isa = PBXFileReference; fileEncoding = 4; lastKnownFileType = sourcecode.swift; path = Game.swift; sourceTree = "<group>"; };
		6D6B21E61B1F276500B973B8 /* SelectDeckWatch.swift */ = {isa = PBXFileReference; fileEncoding = 4; lastKnownFileType = sourcecode.swift; path = SelectDeckWatch.swift; sourceTree = "<group>"; };
		6D6B21E81B1F281400B973B8 /* DeckRow.swift */ = {isa = PBXFileReference; fileEncoding = 4; lastKnownFileType = sourcecode.swift; path = DeckRow.swift; sourceTree = "<group>"; };
		6D7C5B531B20273400E18252 /* Deck Tracker.entitlements */ = {isa = PBXFileReference; lastKnownFileType = text.xml; path = "Deck Tracker.entitlements"; sourceTree = "<group>"; };
		6D7C5B541B20278C00E18252 /* Deck Tracker WatchKit Extension.entitlements */ = {isa = PBXFileReference; lastKnownFileType = text.xml; path = "Deck Tracker WatchKit Extension.entitlements"; sourceTree = "<group>"; };
		6D9538401B09E1C100B4ED66 /* Piechart.swift */ = {isa = PBXFileReference; fileEncoding = 4; lastKnownFileType = sourcecode.swift; path = Piechart.swift; sourceTree = "<group>"; };
		6D9538421B09E22400B4ED66 /* Graphs.swift */ = {isa = PBXFileReference; fileEncoding = 4; lastKnownFileType = sourcecode.swift; path = Graphs.swift; sourceTree = "<group>"; };
		6DB50E1A1B009B1D0000F97B /* GamesCell.swift */ = {isa = PBXFileReference; fileEncoding = 4; lastKnownFileType = sourcecode.swift; path = GamesCell.swift; sourceTree = "<group>"; };
		6DB67A5D1B188890000A8E54 /* Deck Tracker WatchKit Extension.appex */ = {isa = PBXFileReference; explicitFileType = "wrapper.app-extension"; includeInIndex = 0; path = "Deck Tracker WatchKit Extension.appex"; sourceTree = BUILT_PRODUCTS_DIR; };
		6DB67A601B188890000A8E54 /* Info.plist */ = {isa = PBXFileReference; lastKnownFileType = text.plist.xml; path = Info.plist; sourceTree = "<group>"; };
		6DB67A611B188890000A8E54 /* DeckTrackerWatch.swift */ = {isa = PBXFileReference; lastKnownFileType = sourcecode.swift; path = DeckTrackerWatch.swift; sourceTree = "<group>"; };
		6DB67A651B188890000A8E54 /* Images.xcassets */ = {isa = PBXFileReference; lastKnownFileType = folder.assetcatalog; path = Images.xcassets; sourceTree = "<group>"; };
		6DB67A691B188891000A8E54 /* Deck Tracker WatchKit App.app */ = {isa = PBXFileReference; explicitFileType = wrapper.application; includeInIndex = 0; path = "Deck Tracker WatchKit App.app"; sourceTree = BUILT_PRODUCTS_DIR; };
		6DB67A6F1B188891000A8E54 /* Info.plist */ = {isa = PBXFileReference; lastKnownFileType = text.plist.xml; path = Info.plist; sourceTree = "<group>"; };
		6DB67A711B188891000A8E54 /* Base */ = {isa = PBXFileReference; lastKnownFileType = file.storyboard; name = Base; path = Base.lproj/Interface.storyboard; sourceTree = "<group>"; };
		6DB67A731B188891000A8E54 /* Images.xcassets */ = {isa = PBXFileReference; lastKnownFileType = folder.assetcatalog; path = Images.xcassets; sourceTree = "<group>"; };
		6DBB739A1B0209FD00005B5E /* EditGame.swift */ = {isa = PBXFileReference; fileEncoding = 4; lastKnownFileType = sourcecode.swift; path = EditGame.swift; sourceTree = "<group>"; };
		6DBB739C1B04840000005B5E /* EditDate.swift */ = {isa = PBXFileReference; fileEncoding = 4; lastKnownFileType = sourcecode.swift; path = EditDate.swift; sourceTree = "<group>"; };
		6DBB73A41B04C99E00005B5E /* EditSelectedDeck.swift */ = {isa = PBXFileReference; fileEncoding = 4; lastKnownFileType = sourcecode.swift; path = EditSelectedDeck.swift; sourceTree = "<group>"; };
		6DBB73A61B04CDCE00005B5E /* EditOpponentClass.swift */ = {isa = PBXFileReference; fileEncoding = 4; lastKnownFileType = sourcecode.swift; path = EditOpponentClass.swift; sourceTree = "<group>"; };
		6DBDB9981B2091C00034B1BE /* Deck Tracker-Bridging-Header.h */ = {isa = PBXFileReference; lastKnownFileType = sourcecode.c.h; path = "Deck Tracker-Bridging-Header.h"; sourceTree = "<group>"; };
		6DBDB9991B2091C00034B1BE /* Deck Tracker WatchKit Extension-Bridging-Header.h */ = {isa = PBXFileReference; lastKnownFileType = sourcecode.c.h; path = "Deck Tracker WatchKit Extension-Bridging-Header.h"; sourceTree = "<group>"; };
		6DC3201F1B0F65D20098F60A /* GraphsViewController.swift */ = {isa = PBXFileReference; fileEncoding = 4; lastKnownFileType = sourcecode.swift; path = GraphsViewController.swift; sourceTree = "<group>"; };
		6DD844CA1AF8A86F00CF9C80 /* Data.swift */ = {isa = PBXFileReference; fileEncoding = 4; lastKnownFileType = sourcecode.swift; path = Data.swift; sourceTree = "<group>"; };
		6DD844CC1AF8EFB300CF9C80 /* Deck.swift */ = {isa = PBXFileReference; fileEncoding = 4; lastKnownFileType = sourcecode.swift; path = Deck.swift; sourceTree = "<group>"; };
		6DD844CE1AFA306500CF9C80 /* DecksCell.swift */ = {isa = PBXFileReference; fileEncoding = 4; lastKnownFileType = sourcecode.swift; path = DecksCell.swift; sourceTree = "<group>"; };
		6DD866681B3D7E0F002E5D82 /* SelectNote.swift */ = {isa = PBXFileReference; fileEncoding = 4; lastKnownFileType = sourcecode.swift; path = SelectNote.swift; sourceTree = "<group>"; };
		6DDD44821AEF87B700A4B5D2 /* Deck Tracker.app */ = {isa = PBXFileReference; explicitFileType = wrapper.application; includeInIndex = 0; path = "Deck Tracker.app"; sourceTree = BUILT_PRODUCTS_DIR; };
		6DDD44861AEF87B700A4B5D2 /* Info.plist */ = {isa = PBXFileReference; lastKnownFileType = text.plist.xml; path = Info.plist; sourceTree = "<group>"; };
		6DDD44871AEF87B700A4B5D2 /* AppDelegate.swift */ = {isa = PBXFileReference; lastKnownFileType = sourcecode.swift; path = AppDelegate.swift; sourceTree = "<group>"; };
		6DDD44891AEF87B700A4B5D2 /* DecksList.swift */ = {isa = PBXFileReference; lastKnownFileType = sourcecode.swift; path = DecksList.swift; sourceTree = "<group>"; };
		6DDD448B1AEF87B700A4B5D2 /* StatsList.swift */ = {isa = PBXFileReference; lastKnownFileType = sourcecode.swift; path = StatsList.swift; sourceTree = "<group>"; };
		6DDD448E1AEF87B700A4B5D2 /* Base */ = {isa = PBXFileReference; lastKnownFileType = file.storyboard; name = Base; path = Base.lproj/Main.storyboard; sourceTree = "<group>"; };
		6DDD44901AEF87B700A4B5D2 /* Images.xcassets */ = {isa = PBXFileReference; lastKnownFileType = folder.assetcatalog; path = Images.xcassets; sourceTree = "<group>"; };
		6DDD44931AEF87B700A4B5D2 /* Base */ = {isa = PBXFileReference; lastKnownFileType = file.xib; name = Base; path = Base.lproj/LaunchScreen.xib; sourceTree = "<group>"; };
		6DDD44991AEF87B700A4B5D2 /* Deck TrackerTests.xctest */ = {isa = PBXFileReference; explicitFileType = wrapper.cfbundle; includeInIndex = 0; path = "Deck TrackerTests.xctest"; sourceTree = BUILT_PRODUCTS_DIR; };
		6DDD449E1AEF87B700A4B5D2 /* Info.plist */ = {isa = PBXFileReference; lastKnownFileType = text.plist.xml; path = Info.plist; sourceTree = "<group>"; };
		6DDD449F1AEF87B700A4B5D2 /* Deck_TrackerTests.swift */ = {isa = PBXFileReference; lastKnownFileType = sourcecode.swift; path = Deck_TrackerTests.swift; sourceTree = "<group>"; };
		6DDD44A91AEFB1B300A4B5D2 /* AddDeck.swift */ = {isa = PBXFileReference; fileEncoding = 4; lastKnownFileType = sourcecode.swift; path = AddDeck.swift; sourceTree = "<group>"; };
		6DE566951B15C2220026FBF5 /* About.swift */ = {isa = PBXFileReference; fileEncoding = 4; lastKnownFileType = sourcecode.swift; path = About.swift; sourceTree = "<group>"; };
		6DF362FF1AFB702600A5B507 /* AddGame.swift */ = {isa = PBXFileReference; fileEncoding = 4; lastKnownFileType = sourcecode.swift; path = AddGame.swift; sourceTree = "<group>"; };
		6DFFCD9C1B1DAC75005218D8 /* SelectOpponentWatch.swift */ = {isa = PBXFileReference; fileEncoding = 4; lastKnownFileType = sourcecode.swift; path = SelectOpponentWatch.swift; sourceTree = "<group>"; };
		8B10AFCB1B0310A100D33C29 /* Fabric.framework */ = {isa = PBXFileReference; lastKnownFileType = wrapper.framework; path = Fabric.framework; sourceTree = "<group>"; };
		8B10AFCC1B0310A100D33C29 /* Crashlytics.framework */ = {isa = PBXFileReference; lastKnownFileType = wrapper.framework; path = Crashlytics.framework; sourceTree = "<group>"; };
/* End PBXFileReference section */

/* Begin PBXFrameworksBuildPhase section */
		6DB67A5A1B188890000A8E54 /* Frameworks */ = {
			isa = PBXFrameworksBuildPhase;
			buildActionMask = 2147483647;
			files = (
			);
			runOnlyForDeploymentPostprocessing = 0;
		};
		6DDD447F1AEF87B700A4B5D2 /* Frameworks */ = {
			isa = PBXFrameworksBuildPhase;
			buildActionMask = 2147483647;
			files = (
				8B10AFCE1B0310A100D33C29 /* Crashlytics.framework in Frameworks */,
				8B10AFCD1B0310A100D33C29 /* Fabric.framework in Frameworks */,
			);
			runOnlyForDeploymentPostprocessing = 0;
		};
		6DDD44961AEF87B700A4B5D2 /* Frameworks */ = {
			isa = PBXFrameworksBuildPhase;
			buildActionMask = 2147483647;
			files = (
			);
			runOnlyForDeploymentPostprocessing = 0;
		};
/* End PBXFrameworksBuildPhase section */

/* Begin PBXGroup section */
		6DB67A5E1B188890000A8E54 /* Deck Tracker WatchKit Extension */ = {
			isa = PBXGroup;
			children = (
				6D7C5B541B20278C00E18252 /* Deck Tracker WatchKit Extension.entitlements */,
				6DB67A611B188890000A8E54 /* DeckTrackerWatch.swift */,
				6D6B21E61B1F276500B973B8 /* SelectDeckWatch.swift */,
				6D6B21E81B1F281400B973B8 /* DeckRow.swift */,
				6DFFCD9C1B1DAC75005218D8 /* SelectOpponentWatch.swift */,
				6DB67A651B188890000A8E54 /* Images.xcassets */,
				6DB67A5F1B188890000A8E54 /* Supporting Files */,
			);
			path = "Deck Tracker WatchKit Extension";
			sourceTree = "<group>";
		};
		6DB67A5F1B188890000A8E54 /* Supporting Files */ = {
			isa = PBXGroup;
			children = (
				6DB67A601B188890000A8E54 /* Info.plist */,
			);
			name = "Supporting Files";
			sourceTree = "<group>";
		};
		6DB67A6D1B188891000A8E54 /* Deck Tracker WatchKit App */ = {
			isa = PBXGroup;
			children = (
				6DB67A701B188891000A8E54 /* Interface.storyboard */,
				6DB67A731B188891000A8E54 /* Images.xcassets */,
				6DB67A6E1B188891000A8E54 /* Supporting Files */,
			);
			path = "Deck Tracker WatchKit App";
			sourceTree = "<group>";
		};
		6DB67A6E1B188891000A8E54 /* Supporting Files */ = {
			isa = PBXGroup;
			children = (
				6DB67A6F1B188891000A8E54 /* Info.plist */,
			);
			name = "Supporting Files";
			sourceTree = "<group>";
		};
		6DDD44791AEF87B700A4B5D2 = {
			isa = PBXGroup;
			children = (
				6DDD44841AEF87B700A4B5D2 /* Deck Tracker */,
				6DDD449C1AEF87B700A4B5D2 /* Deck TrackerTests */,
				6DB67A5E1B188890000A8E54 /* Deck Tracker WatchKit Extension */,
				6DB67A6D1B188891000A8E54 /* Deck Tracker WatchKit App */,
				6DDD44831AEF87B700A4B5D2 /* Products */,
				8B10AFCB1B0310A100D33C29 /* Fabric.framework */,
				8B10AFCC1B0310A100D33C29 /* Crashlytics.framework */,
			);
			sourceTree = "<group>";
		};
		6DDD44831AEF87B700A4B5D2 /* Products */ = {
			isa = PBXGroup;
			children = (
				6DDD44821AEF87B700A4B5D2 /* Deck Tracker.app */,
				6DDD44991AEF87B700A4B5D2 /* Deck TrackerTests.xctest */,
				6DB67A5D1B188890000A8E54 /* Deck Tracker WatchKit Extension.appex */,
				6DB67A691B188891000A8E54 /* Deck Tracker WatchKit App.app */,
			);
			name = Products;
			sourceTree = "<group>";
		};
		6DDD44841AEF87B700A4B5D2 /* Deck Tracker */ = {
			isa = PBXGroup;
			children = (
				6D7C5B531B20273400E18252 /* Deck Tracker.entitlements */,
				6DDD44871AEF87B700A4B5D2 /* AppDelegate.swift */,
				6D61AA421AF784E20013EB04 /* Game.swift */,
				6DD844CC1AF8EFB300CF9C80 /* Deck.swift */,
				6DD844CA1AF8A86F00CF9C80 /* Data.swift */,
				6DD844CE1AFA306500CF9C80 /* DecksCell.swift */,
				6DB50E1A1B009B1D0000F97B /* GamesCell.swift */,
				6DDD44891AEF87B700A4B5D2 /* DecksList.swift */,
				6DDD44A91AEFB1B300A4B5D2 /* AddDeck.swift */,
				6DDD448B1AEF87B700A4B5D2 /* StatsList.swift */,
				6DF362FF1AFB702600A5B507 /* AddGame.swift */,
				6D5960521AFCB2AD0039EE47 /* SelectDate.swift */,
				6D5960541AFCD45E0039EE47 /* SelectDeck.swift */,
				6D5960561AFCD7880039EE47 /* SelectOpponentClass.swift */,
				6DD866681B3D7E0F002E5D82 /* SelectNote.swift */,
				6DBB739A1B0209FD00005B5E /* EditGame.swift */,
				6DBB739C1B04840000005B5E /* EditDate.swift */,
				6DBB73A41B04C99E00005B5E /* EditSelectedDeck.swift */,
				6DBB73A61B04CDCE00005B5E /* EditOpponentClass.swift */,
				6D2F2B4E1B412D5C00B267C9 /* EditTags.swift */,
				6D9538421B09E22400B4ED66 /* Graphs.swift */,
				6DC3201F1B0F65D20098F60A /* GraphsViewController.swift */,
				6D9538401B09E1C100B4ED66 /* Piechart.swift */,
				6DE566951B15C2220026FBF5 /* About.swift */,
				6DDD448D1AEF87B700A4B5D2 /* Main.storyboard */,
				6DDD44901AEF87B700A4B5D2 /* Images.xcassets */,
				6DDD44921AEF87B700A4B5D2 /* LaunchScreen.xib */,
				6DDD44851AEF87B700A4B5D2 /* Supporting Files */,
				6DBDB9981B2091C00034B1BE /* Deck Tracker-Bridging-Header.h */,
				6DBDB9991B2091C00034B1BE /* Deck Tracker WatchKit Extension-Bridging-Header.h */,
			);
			path = "Deck Tracker";
			sourceTree = "<group>";
		};
		6DDD44851AEF87B700A4B5D2 /* Supporting Files */ = {
			isa = PBXGroup;
			children = (
				6DDD44861AEF87B700A4B5D2 /* Info.plist */,
			);
			name = "Supporting Files";
			sourceTree = "<group>";
		};
		6DDD449C1AEF87B700A4B5D2 /* Deck TrackerTests */ = {
			isa = PBXGroup;
			children = (
				6DDD449F1AEF87B700A4B5D2 /* Deck_TrackerTests.swift */,
				6DDD449D1AEF87B700A4B5D2 /* Supporting Files */,
			);
			path = "Deck TrackerTests";
			sourceTree = "<group>";
		};
		6DDD449D1AEF87B700A4B5D2 /* Supporting Files */ = {
			isa = PBXGroup;
			children = (
				6DDD449E1AEF87B700A4B5D2 /* Info.plist */,
			);
			name = "Supporting Files";
			sourceTree = "<group>";
		};
/* End PBXGroup section */

/* Begin PBXNativeTarget section */
		6DB67A5C1B188890000A8E54 /* Deck Tracker WatchKit Extension */ = {
			isa = PBXNativeTarget;
			buildConfigurationList = 6DB67A7D1B188891000A8E54 /* Build configuration list for PBXNativeTarget "Deck Tracker WatchKit Extension" */;
			buildPhases = (
				6DB67A591B188890000A8E54 /* Sources */,
				6DB67A5A1B188890000A8E54 /* Frameworks */,
				6DB67A5B1B188890000A8E54 /* Resources */,
			);
			buildRules = (
			);
			dependencies = (
				6DB67A6C1B188891000A8E54 /* PBXTargetDependency */,
			);
			name = "Deck Tracker WatchKit Extension";
			productName = "Deck Tracker WatchKit Extension";
			productReference = 6DB67A5D1B188890000A8E54 /* Deck Tracker WatchKit Extension.appex */;
			productType = "com.apple.product-type.watchkit-extension";
		};
		6DB67A681B188891000A8E54 /* Deck Tracker WatchKit App */ = {
			isa = PBXNativeTarget;
			buildConfigurationList = 6DB67A7C1B188891000A8E54 /* Build configuration list for PBXNativeTarget "Deck Tracker WatchKit App" */;
			buildPhases = (
				6DB67A671B188891000A8E54 /* Resources */,
			);
			buildRules = (
			);
			dependencies = (
			);
			name = "Deck Tracker WatchKit App";
			productName = "Deck Tracker WatchKit App";
			productReference = 6DB67A691B188891000A8E54 /* Deck Tracker WatchKit App.app */;
			productType = "com.apple.product-type.application.watchapp";
		};
		6DDD44811AEF87B700A4B5D2 /* Deck Tracker */ = {
			isa = PBXNativeTarget;
			buildConfigurationList = 6DDD44A31AEF87B700A4B5D2 /* Build configuration list for PBXNativeTarget "Deck Tracker" */;
			buildPhases = (
				6DDD447E1AEF87B700A4B5D2 /* Sources */,
				6DDD447F1AEF87B700A4B5D2 /* Frameworks */,
				6DDD44801AEF87B700A4B5D2 /* Resources */,
				8B10AFCA1B03107400D33C29 /* ShellScript */,
				6DB67A7E1B188891000A8E54 /* Embed App Extensions */,
			);
			buildRules = (
			);
			dependencies = (
				6DB67A761B188891000A8E54 /* PBXTargetDependency */,
			);
			name = "Deck Tracker";
			productName = "Deck Tracker";
			productReference = 6DDD44821AEF87B700A4B5D2 /* Deck Tracker.app */;
			productType = "com.apple.product-type.application";
		};
		6DDD44981AEF87B700A4B5D2 /* Deck TrackerTests */ = {
			isa = PBXNativeTarget;
			buildConfigurationList = 6DDD44A61AEF87B700A4B5D2 /* Build configuration list for PBXNativeTarget "Deck TrackerTests" */;
			buildPhases = (
				6DDD44951AEF87B700A4B5D2 /* Sources */,
				6DDD44961AEF87B700A4B5D2 /* Frameworks */,
				6DDD44971AEF87B700A4B5D2 /* Resources */,
			);
			buildRules = (
			);
			dependencies = (
				6DDD449B1AEF87B700A4B5D2 /* PBXTargetDependency */,
			);
			name = "Deck TrackerTests";
			productName = "Deck TrackerTests";
			productReference = 6DDD44991AEF87B700A4B5D2 /* Deck TrackerTests.xctest */;
			productType = "com.apple.product-type.bundle.unit-test";
		};
/* End PBXNativeTarget section */

/* Begin PBXProject section */
		6DDD447A1AEF87B700A4B5D2 /* Project object */ = {
			isa = PBXProject;
			attributes = {
				LastUpgradeCheck = 0630;
				ORGANIZATIONNAME = "Andrei Joghiu";
				TargetAttributes = {
					6DB67A5C1B188890000A8E54 = {
						CreatedOnToolsVersion = 6.3.2;
						DevelopmentTeam = N4ZWHQ2X3Z;
						SystemCapabilities = {
							com.apple.ApplicationGroups.iOS = {
								enabled = 1;
							};
						};
					};
					6DB67A681B188891000A8E54 = {
						CreatedOnToolsVersion = 6.3.2;
						DevelopmentTeam = N4ZWHQ2X3Z;
					};
					6DDD44811AEF87B700A4B5D2 = {
						CreatedOnToolsVersion = 6.3.1;
						DevelopmentTeam = N4ZWHQ2X3Z;
						SystemCapabilities = {
							com.apple.ApplicationGroups.iOS = {
								enabled = 1;
							};
						};
					};
					6DDD44981AEF87B700A4B5D2 = {
						CreatedOnToolsVersion = 6.3.1;
						TestTargetID = 6DDD44811AEF87B700A4B5D2;
					};
				};
			};
			buildConfigurationList = 6DDD447D1AEF87B700A4B5D2 /* Build configuration list for PBXProject "Deck Tracker" */;
			compatibilityVersion = "Xcode 3.2";
			developmentRegion = English;
			hasScannedForEncodings = 0;
			knownRegions = (
				en,
				Base,
			);
			mainGroup = 6DDD44791AEF87B700A4B5D2;
			productRefGroup = 6DDD44831AEF87B700A4B5D2 /* Products */;
			projectDirPath = "";
			projectRoot = "";
			targets = (
				6DDD44811AEF87B700A4B5D2 /* Deck Tracker */,
				6DDD44981AEF87B700A4B5D2 /* Deck TrackerTests */,
				6DB67A5C1B188890000A8E54 /* Deck Tracker WatchKit Extension */,
				6DB67A681B188891000A8E54 /* Deck Tracker WatchKit App */,
			);
		};
/* End PBXProject section */

/* Begin PBXResourcesBuildPhase section */
		6DB67A5B1B188890000A8E54 /* Resources */ = {
			isa = PBXResourcesBuildPhase;
			buildActionMask = 2147483647;
			files = (
				6DB67A661B188890000A8E54 /* Images.xcassets in Resources */,
				6DB67A6A1B188891000A8E54 /* Deck Tracker WatchKit App.app in Resources */,
			);
			runOnlyForDeploymentPostprocessing = 0;
		};
		6DB67A671B188891000A8E54 /* Resources */ = {
			isa = PBXResourcesBuildPhase;
			buildActionMask = 2147483647;
			files = (
				6DB67A721B188891000A8E54 /* Interface.storyboard in Resources */,
				6DB67A741B188891000A8E54 /* Images.xcassets in Resources */,
			);
			runOnlyForDeploymentPostprocessing = 0;
		};
		6DDD44801AEF87B700A4B5D2 /* Resources */ = {
			isa = PBXResourcesBuildPhase;
			buildActionMask = 2147483647;
			files = (
				6DDD448F1AEF87B700A4B5D2 /* Main.storyboard in Resources */,
				6DDD44941AEF87B700A4B5D2 /* LaunchScreen.xib in Resources */,
				6DDD44911AEF87B700A4B5D2 /* Images.xcassets in Resources */,
			);
			runOnlyForDeploymentPostprocessing = 0;
		};
		6DDD44971AEF87B700A4B5D2 /* Resources */ = {
			isa = PBXResourcesBuildPhase;
			buildActionMask = 2147483647;
			files = (
			);
			runOnlyForDeploymentPostprocessing = 0;
		};
/* End PBXResourcesBuildPhase section */

/* Begin PBXShellScriptBuildPhase section */
		8B10AFCA1B03107400D33C29 /* ShellScript */ = {
			isa = PBXShellScriptBuildPhase;
			buildActionMask = 2147483647;
			files = (
			);
			inputPaths = (
			);
			outputPaths = (
			);
			runOnlyForDeploymentPostprocessing = 0;
			shellPath = /bin/sh;
			shellScript = "./Fabric.framework/run f3c99599d7506e04141126522dbe798de9609d17 2511f1f013f7d19d8b1580a2963bd2a9c7646ebe81c09c2e66ed161d5f5cfaca";
		};
/* End PBXShellScriptBuildPhase section */

/* Begin PBXSourcesBuildPhase section */
		6DB67A591B188890000A8E54 /* Sources */ = {
			isa = PBXSourcesBuildPhase;
			buildActionMask = 2147483647;
			files = (
				8BD870E51B223042008398B8 /* Deck.swift in Sources */,
				6DB67A621B188890000A8E54 /* DeckTrackerWatch.swift in Sources */,
				6DFFCD9D1B1DAC75005218D8 /* SelectOpponentWatch.swift in Sources */,
				6D6B21E71B1F276500B973B8 /* SelectDeckWatch.swift in Sources */,
				6D6B21E91B1F281400B973B8 /* DeckRow.swift in Sources */,
			);
			runOnlyForDeploymentPostprocessing = 0;
		};
		6DDD447E1AEF87B700A4B5D2 /* Sources */ = {
			isa = PBXSourcesBuildPhase;
			buildActionMask = 2147483647;
			files = (
				6DD844CD1AF8EFB300CF9C80 /* Deck.swift in Sources */,
				6DDD44AA1AEFB1B300A4B5D2 /* AddDeck.swift in Sources */,
				6DD844CB1AF8A86F00CF9C80 /* Data.swift in Sources */,
				6DD866691B3D7E0F002E5D82 /* SelectNote.swift in Sources */,
				6D5960531AFCB2AD0039EE47 /* SelectDate.swift in Sources */,
				6DDD448C1AEF87B700A4B5D2 /* StatsList.swift in Sources */,
				6D5960571AFCD7880039EE47 /* SelectOpponentClass.swift in Sources */,
				6D5960551AFCD45E0039EE47 /* SelectDeck.swift in Sources */,
				6D9538411B09E1C100B4ED66 /* Piechart.swift in Sources */,
				6DBB73A51B04C99E00005B5E /* EditSelectedDeck.swift in Sources */,
				6D2F2B4F1B412D5C00B267C9 /* EditTags.swift in Sources */,
				6DBB739D1B04840000005B5E /* EditDate.swift in Sources */,
				6DB50E1B1B009B1D0000F97B /* GamesCell.swift in Sources */,
				6D9538431B09E22400B4ED66 /* Graphs.swift in Sources */,
				6DBB739B1B0209FD00005B5E /* EditGame.swift in Sources */,
				6DDD44881AEF87B700A4B5D2 /* AppDelegate.swift in Sources */,
				6D61AA431AF784E20013EB04 /* Game.swift in Sources */,
				6DD844CF1AFA306500CF9C80 /* DecksCell.swift in Sources */,
				6DE566961B15C2220026FBF5 /* About.swift in Sources */,
				6DDD448A1AEF87B700A4B5D2 /* DecksList.swift in Sources */,
				6DC320201B0F65D20098F60A /* GraphsViewController.swift in Sources */,
				6DBB73A71B04CDCE00005B5E /* EditOpponentClass.swift in Sources */,
				6DF363001AFB702600A5B507 /* AddGame.swift in Sources */,
			);
			runOnlyForDeploymentPostprocessing = 0;
		};
		6DDD44951AEF87B700A4B5D2 /* Sources */ = {
			isa = PBXSourcesBuildPhase;
			buildActionMask = 2147483647;
			files = (
				6DDD44A01AEF87B700A4B5D2 /* Deck_TrackerTests.swift in Sources */,
			);
			runOnlyForDeploymentPostprocessing = 0;
		};
/* End PBXSourcesBuildPhase section */

/* Begin PBXTargetDependency section */
		6DB67A6C1B188891000A8E54 /* PBXTargetDependency */ = {
			isa = PBXTargetDependency;
			target = 6DB67A681B188891000A8E54 /* Deck Tracker WatchKit App */;
			targetProxy = 6DB67A6B1B188891000A8E54 /* PBXContainerItemProxy */;
		};
		6DB67A761B188891000A8E54 /* PBXTargetDependency */ = {
			isa = PBXTargetDependency;
			target = 6DB67A5C1B188890000A8E54 /* Deck Tracker WatchKit Extension */;
			targetProxy = 6DB67A751B188891000A8E54 /* PBXContainerItemProxy */;
		};
		6DDD449B1AEF87B700A4B5D2 /* PBXTargetDependency */ = {
			isa = PBXTargetDependency;
			target = 6DDD44811AEF87B700A4B5D2 /* Deck Tracker */;
			targetProxy = 6DDD449A1AEF87B700A4B5D2 /* PBXContainerItemProxy */;
		};
/* End PBXTargetDependency section */

/* Begin PBXVariantGroup section */
		6DB67A701B188891000A8E54 /* Interface.storyboard */ = {
			isa = PBXVariantGroup;
			children = (
				6DB67A711B188891000A8E54 /* Base */,
			);
			name = Interface.storyboard;
			sourceTree = "<group>";
		};
		6DDD448D1AEF87B700A4B5D2 /* Main.storyboard */ = {
			isa = PBXVariantGroup;
			children = (
				6DDD448E1AEF87B700A4B5D2 /* Base */,
			);
			name = Main.storyboard;
			sourceTree = "<group>";
		};
		6DDD44921AEF87B700A4B5D2 /* LaunchScreen.xib */ = {
			isa = PBXVariantGroup;
			children = (
				6DDD44931AEF87B700A4B5D2 /* Base */,
			);
			name = LaunchScreen.xib;
			sourceTree = "<group>";
		};
/* End PBXVariantGroup section */

/* Begin XCBuildConfiguration section */
		6DB67A781B188891000A8E54 /* Debug */ = {
			isa = XCBuildConfiguration;
			buildSettings = {
				CLANG_ENABLE_MODULES = YES;
				CODE_SIGN_ENTITLEMENTS = "Deck Tracker WatchKit Extension/Deck Tracker WatchKit Extension.entitlements";
				CODE_SIGN_IDENTITY = "iPhone Developer";
				"CODE_SIGN_IDENTITY[sdk=iphoneos*]" = "iPhone Developer";
				GCC_PREPROCESSOR_DEFINITIONS = (
					"DEBUG=1",
					"$(inherited)",
				);
				INFOPLIST_FILE = "Deck Tracker WatchKit Extension/Info.plist";
				LD_RUNPATH_SEARCH_PATHS = "$(inherited) @executable_path/Frameworks @executable_path/../../Frameworks";
				PRODUCT_NAME = "${TARGET_NAME}";
				PROVISIONING_PROFILE = "";
				SKIP_INSTALL = YES;
				SWIFT_OBJC_BRIDGING_HEADER = "Deck Tracker/Deck Tracker WatchKit Extension-Bridging-Header.h";
				SWIFT_OPTIMIZATION_LEVEL = "-Onone";
			};
			name = Debug;
		};
		6DB67A791B188891000A8E54 /* Release */ = {
			isa = XCBuildConfiguration;
			buildSettings = {
				CLANG_ENABLE_MODULES = YES;
				CODE_SIGN_ENTITLEMENTS = "Deck Tracker WatchKit Extension/Deck Tracker WatchKit Extension.entitlements";
				CODE_SIGN_IDENTITY = "iPhone Developer";
				"CODE_SIGN_IDENTITY[sdk=iphoneos*]" = "iPhone Developer";
				INFOPLIST_FILE = "Deck Tracker WatchKit Extension/Info.plist";
				LD_RUNPATH_SEARCH_PATHS = "$(inherited) @executable_path/Frameworks @executable_path/../../Frameworks";
				PRODUCT_NAME = "${TARGET_NAME}";
				PROVISIONING_PROFILE = "";
				SKIP_INSTALL = YES;
				SWIFT_OBJC_BRIDGING_HEADER = "Deck Tracker/Deck Tracker WatchKit Extension-Bridging-Header.h";
			};
			name = Release;
		};
		6DB67A7A1B188891000A8E54 /* Debug */ = {
			isa = XCBuildConfiguration;
			buildSettings = {
				ASSETCATALOG_COMPILER_APPICON_NAME = AppIcon;
				CODE_SIGN_IDENTITY = "iPhone Developer";
				"CODE_SIGN_IDENTITY[sdk=iphoneos*]" = "iPhone Developer";
				GCC_PREPROCESSOR_DEFINITIONS = (
					"DEBUG=1",
					"$(inherited)",
				);
				IBSC_MODULE = Deck_Tracker_WatchKit_Extension;
				INFOPLIST_FILE = "Deck Tracker WatchKit App/Info.plist";
				IPHONEOS_DEPLOYMENT_TARGET = 8.2;
				PRODUCT_NAME = "$(TARGET_NAME)";
				PROVISIONING_PROFILE = "";
				SKIP_INSTALL = YES;
				TARGETED_DEVICE_FAMILY = 4;
				"TARGETED_DEVICE_FAMILY[sdk=iphonesimulator*]" = "1,4";
			};
			name = Debug;
		};
		6DB67A7B1B188891000A8E54 /* Release */ = {
			isa = XCBuildConfiguration;
			buildSettings = {
				ASSETCATALOG_COMPILER_APPICON_NAME = AppIcon;
				CODE_SIGN_IDENTITY = "iPhone Developer";
				"CODE_SIGN_IDENTITY[sdk=iphoneos*]" = "iPhone Developer";
				IBSC_MODULE = Deck_Tracker_WatchKit_Extension;
				INFOPLIST_FILE = "Deck Tracker WatchKit App/Info.plist";
				IPHONEOS_DEPLOYMENT_TARGET = 8.2;
				PRODUCT_NAME = "$(TARGET_NAME)";
				PROVISIONING_PROFILE = "";
				SKIP_INSTALL = YES;
				TARGETED_DEVICE_FAMILY = 4;
				"TARGETED_DEVICE_FAMILY[sdk=iphonesimulator*]" = "1,4";
			};
			name = Release;
		};
		6DDD44A11AEF87B700A4B5D2 /* Debug */ = {
			isa = XCBuildConfiguration;
			buildSettings = {
				ALWAYS_SEARCH_USER_PATHS = NO;
				CLANG_CXX_LANGUAGE_STANDARD = "gnu++0x";
				CLANG_CXX_LIBRARY = "libc++";
				CLANG_ENABLE_MODULES = YES;
				CLANG_ENABLE_OBJC_ARC = YES;
				CLANG_WARN_BOOL_CONVERSION = YES;
				CLANG_WARN_CONSTANT_CONVERSION = YES;
				CLANG_WARN_DIRECT_OBJC_ISA_USAGE = YES_ERROR;
				CLANG_WARN_EMPTY_BODY = YES;
				CLANG_WARN_ENUM_CONVERSION = YES;
				CLANG_WARN_INT_CONVERSION = YES;
				CLANG_WARN_OBJC_ROOT_CLASS = YES_ERROR;
				CLANG_WARN_UNREACHABLE_CODE = YES;
				CLANG_WARN__DUPLICATE_METHOD_MATCH = YES;
				"CODE_SIGN_IDENTITY[sdk=iphoneos*]" = "iPhone Developer";
				COPY_PHASE_STRIP = NO;
				DEBUG_INFORMATION_FORMAT = "dwarf-with-dsym";
				ENABLE_STRICT_OBJC_MSGSEND = YES;
				GCC_C_LANGUAGE_STANDARD = gnu99;
				GCC_DYNAMIC_NO_PIC = NO;
				GCC_NO_COMMON_BLOCKS = YES;
				GCC_OPTIMIZATION_LEVEL = 0;
				GCC_PREPROCESSOR_DEFINITIONS = (
					"DEBUG=1",
					"$(inherited)",
				);
				GCC_SYMBOLS_PRIVATE_EXTERN = NO;
				GCC_WARN_64_TO_32_BIT_CONVERSION = YES;
				GCC_WARN_ABOUT_RETURN_TYPE = YES_ERROR;
				GCC_WARN_UNDECLARED_SELECTOR = YES;
				GCC_WARN_UNINITIALIZED_AUTOS = YES_AGGRESSIVE;
				GCC_WARN_UNUSED_FUNCTION = YES;
				GCC_WARN_UNUSED_VARIABLE = YES;
				IPHONEOS_DEPLOYMENT_TARGET = 8.2;
				MTL_ENABLE_DEBUG_INFO = YES;
				ONLY_ACTIVE_ARCH = YES;
				SDKROOT = iphoneos;
				SWIFT_OPTIMIZATION_LEVEL = "-Onone";
			};
			name = Debug;
		};
		6DDD44A21AEF87B700A4B5D2 /* Release */ = {
			isa = XCBuildConfiguration;
			buildSettings = {
				ALWAYS_SEARCH_USER_PATHS = NO;
				CLANG_CXX_LANGUAGE_STANDARD = "gnu++0x";
				CLANG_CXX_LIBRARY = "libc++";
				CLANG_ENABLE_MODULES = YES;
				CLANG_ENABLE_OBJC_ARC = YES;
				CLANG_WARN_BOOL_CONVERSION = YES;
				CLANG_WARN_CONSTANT_CONVERSION = YES;
				CLANG_WARN_DIRECT_OBJC_ISA_USAGE = YES_ERROR;
				CLANG_WARN_EMPTY_BODY = YES;
				CLANG_WARN_ENUM_CONVERSION = YES;
				CLANG_WARN_INT_CONVERSION = YES;
				CLANG_WARN_OBJC_ROOT_CLASS = YES_ERROR;
				CLANG_WARN_UNREACHABLE_CODE = YES;
				CLANG_WARN__DUPLICATE_METHOD_MATCH = YES;
				"CODE_SIGN_IDENTITY[sdk=iphoneos*]" = "iPhone Developer";
				COPY_PHASE_STRIP = NO;
				DEBUG_INFORMATION_FORMAT = "dwarf-with-dsym";
				ENABLE_NS_ASSERTIONS = NO;
				ENABLE_STRICT_OBJC_MSGSEND = YES;
				GCC_C_LANGUAGE_STANDARD = gnu99;
				GCC_NO_COMMON_BLOCKS = YES;
				GCC_WARN_64_TO_32_BIT_CONVERSION = YES;
				GCC_WARN_ABOUT_RETURN_TYPE = YES_ERROR;
				GCC_WARN_UNDECLARED_SELECTOR = YES;
				GCC_WARN_UNINITIALIZED_AUTOS = YES_AGGRESSIVE;
				GCC_WARN_UNUSED_FUNCTION = YES;
				GCC_WARN_UNUSED_VARIABLE = YES;
				IPHONEOS_DEPLOYMENT_TARGET = 8.2;
				MTL_ENABLE_DEBUG_INFO = NO;
				SDKROOT = iphoneos;
				VALIDATE_PRODUCT = YES;
			};
			name = Release;
		};
		6DDD44A41AEF87B700A4B5D2 /* Debug */ = {
			isa = XCBuildConfiguration;
			buildSettings = {
				ASSETCATALOG_COMPILER_APPICON_NAME = AppIcon;
				CLANG_ENABLE_MODULES = YES;
				CODE_SIGN_ENTITLEMENTS = "Deck Tracker/Deck Tracker.entitlements";
				CODE_SIGN_IDENTITY = "iPhone Developer";
				"CODE_SIGN_IDENTITY[sdk=iphoneos*]" = "iPhone Developer";
				FRAMEWORK_SEARCH_PATHS = (
					"$(inherited)",
					"$(PROJECT_DIR)",
				);
				INFOPLIST_FILE = "Deck Tracker/Info.plist";
				IPHONEOS_DEPLOYMENT_TARGET = 8.2;
				LD_RUNPATH_SEARCH_PATHS = "$(inherited) @executable_path/Frameworks";
				PRODUCT_NAME = "$(TARGET_NAME)";
				PROVISIONING_PROFILE = "";
				SWIFT_OBJC_BRIDGING_HEADER = "Deck Tracker/Deck Tracker-Bridging-Header.h";
				SWIFT_OPTIMIZATION_LEVEL = "-Onone";
				TARGETED_DEVICE_FAMILY = "1,2";
			};
			name = Debug;
		};
		6DDD44A51AEF87B700A4B5D2 /* Release */ = {
			isa = XCBuildConfiguration;
			buildSettings = {
				ASSETCATALOG_COMPILER_APPICON_NAME = AppIcon;
				CLANG_ENABLE_MODULES = YES;
				CODE_SIGN_ENTITLEMENTS = "Deck Tracker/Deck Tracker.entitlements";
				CODE_SIGN_IDENTITY = "iPhone Developer";
				"CODE_SIGN_IDENTITY[sdk=iphoneos*]" = "iPhone Developer";
				FRAMEWORK_SEARCH_PATHS = (
					"$(inherited)",
					"$(PROJECT_DIR)",
				);
				INFOPLIST_FILE = "Deck Tracker/Info.plist";
				IPHONEOS_DEPLOYMENT_TARGET = 8.2;
				LD_RUNPATH_SEARCH_PATHS = "$(inherited) @executable_path/Frameworks";
				PRODUCT_NAME = "$(TARGET_NAME)";
				PROVISIONING_PROFILE = "";
				SWIFT_OBJC_BRIDGING_HEADER = "Deck Tracker/Deck Tracker-Bridging-Header.h";
				TARGETED_DEVICE_FAMILY = "1,2";
			};
			name = Release;
		};
		6DDD44A71AEF87B700A4B5D2 /* Debug */ = {
			isa = XCBuildConfiguration;
			buildSettings = {
				BUNDLE_LOADER = "$(TEST_HOST)";
				FRAMEWORK_SEARCH_PATHS = (
					"$(SDKROOT)/Developer/Library/Frameworks",
					"$(inherited)",
				);
				GCC_PREPROCESSOR_DEFINITIONS = (
					"DEBUG=1",
					"$(inherited)",
				);
				INFOPLIST_FILE = "Deck TrackerTests/Info.plist";
				LD_RUNPATH_SEARCH_PATHS = "$(inherited) @executable_path/Frameworks @loader_path/Frameworks";
				PRODUCT_NAME = "$(TARGET_NAME)";
				TEST_HOST = "$(BUILT_PRODUCTS_DIR)/Deck Tracker.app/Deck Tracker";
			};
			name = Debug;
		};
		6DDD44A81AEF87B700A4B5D2 /* Release */ = {
			isa = XCBuildConfiguration;
			buildSettings = {
				BUNDLE_LOADER = "$(TEST_HOST)";
				FRAMEWORK_SEARCH_PATHS = (
					"$(SDKROOT)/Developer/Library/Frameworks",
					"$(inherited)",
				);
				INFOPLIST_FILE = "Deck TrackerTests/Info.plist";
				LD_RUNPATH_SEARCH_PATHS = "$(inherited) @executable_path/Frameworks @loader_path/Frameworks";
				PRODUCT_NAME = "$(TARGET_NAME)";
				TEST_HOST = "$(BUILT_PRODUCTS_DIR)/Deck Tracker.app/Deck Tracker";
			};
			name = Release;
		};
/* End XCBuildConfiguration section */

/* Begin XCConfigurationList section */
		6DB67A7C1B188891000A8E54 /* Build configuration list for PBXNativeTarget "Deck Tracker WatchKit App" */ = {
			isa = XCConfigurationList;
			buildConfigurations = (
				6DB67A7A1B188891000A8E54 /* Debug */,
				6DB67A7B1B188891000A8E54 /* Release */,
			);
			defaultConfigurationIsVisible = 0;
			defaultConfigurationName = Release;
		};
		6DB67A7D1B188891000A8E54 /* Build configuration list for PBXNativeTarget "Deck Tracker WatchKit Extension" */ = {
			isa = XCConfigurationList;
			buildConfigurations = (
				6DB67A781B188891000A8E54 /* Debug */,
				6DB67A791B188891000A8E54 /* Release */,
			);
			defaultConfigurationIsVisible = 0;
			defaultConfigurationName = Release;
		};
		6DDD447D1AEF87B700A4B5D2 /* Build configuration list for PBXProject "Deck Tracker" */ = {
			isa = XCConfigurationList;
			buildConfigurations = (
				6DDD44A11AEF87B700A4B5D2 /* Debug */,
				6DDD44A21AEF87B700A4B5D2 /* Release */,
			);
			defaultConfigurationIsVisible = 0;
			defaultConfigurationName = Release;
		};
		6DDD44A31AEF87B700A4B5D2 /* Build configuration list for PBXNativeTarget "Deck Tracker" */ = {
			isa = XCConfigurationList;
			buildConfigurations = (
				6DDD44A41AEF87B700A4B5D2 /* Debug */,
				6DDD44A51AEF87B700A4B5D2 /* Release */,
			);
			defaultConfigurationIsVisible = 0;
			defaultConfigurationName = Release;
		};
		6DDD44A61AEF87B700A4B5D2 /* Build configuration list for PBXNativeTarget "Deck TrackerTests" */ = {
			isa = XCConfigurationList;
			buildConfigurations = (
				6DDD44A71AEF87B700A4B5D2 /* Debug */,
				6DDD44A81AEF87B700A4B5D2 /* Release */,
			);
			defaultConfigurationIsVisible = 0;
			defaultConfigurationName = Release;
		};
/* End XCConfigurationList section */
	};
	rootObject = 6DDD447A1AEF87B700A4B5D2 /* Project object */;
}
