// !$*UTF8*$!
{
	archiveVersion = 1;
	classes = {
	};
	objectVersion = 46;
	objects = {

/* Begin PBXBuildFile section */
		6D5960531AFCB2AD0039EE47 /* SelectDate.swift in Sources */ = {isa = PBXBuildFile; fileRef = 6D5960521AFCB2AD0039EE47 /* SelectDate.swift */; };
		6D5960551AFCD45E0039EE47 /* SelectDeck.swift in Sources */ = {isa = PBXBuildFile; fileRef = 6D5960541AFCD45E0039EE47 /* SelectDeck.swift */; };
		6D5960571AFCD7880039EE47 /* SelectOpponentClass.swift in Sources */ = {isa = PBXBuildFile; fileRef = 6D5960561AFCD7880039EE47 /* SelectOpponentClass.swift */; };
		6D61AA431AF784E20013EB04 /* Game.swift in Sources */ = {isa = PBXBuildFile; fileRef = 6D61AA421AF784E20013EB04 /* Game.swift */; };
		6DD844CB1AF8A86F00CF9C80 /* Data.swift in Sources */ = {isa = PBXBuildFile; fileRef = 6DD844CA1AF8A86F00CF9C80 /* Data.swift */; };
		6DD844CD1AF8EFB300CF9C80 /* Decks.swift in Sources */ = {isa = PBXBuildFile; fileRef = 6DD844CC1AF8EFB300CF9C80 /* Decks.swift */; };
		6DD844CF1AFA306500CF9C80 /* CustomCell.swift in Sources */ = {isa = PBXBuildFile; fileRef = 6DD844CE1AFA306500CF9C80 /* CustomCell.swift */; };
		6DDD44881AEF87B700A4B5D2 /* AppDelegate.swift in Sources */ = {isa = PBXBuildFile; fileRef = 6DDD44871AEF87B700A4B5D2 /* AppDelegate.swift */; };
		6DDD448A1AEF87B700A4B5D2 /* DecksList.swift in Sources */ = {isa = PBXBuildFile; fileRef = 6DDD44891AEF87B700A4B5D2 /* DecksList.swift */; };
		6DDD448C1AEF87B700A4B5D2 /* StatsList.swift in Sources */ = {isa = PBXBuildFile; fileRef = 6DDD448B1AEF87B700A4B5D2 /* StatsList.swift */; };
		6DDD448F1AEF87B700A4B5D2 /* Main.storyboard in Resources */ = {isa = PBXBuildFile; fileRef = 6DDD448D1AEF87B700A4B5D2 /* Main.storyboard */; };
		6DDD44911AEF87B700A4B5D2 /* Images.xcassets in Resources */ = {isa = PBXBuildFile; fileRef = 6DDD44901AEF87B700A4B5D2 /* Images.xcassets */; };
		6DDD44941AEF87B700A4B5D2 /* LaunchScreen.xib in Resources */ = {isa = PBXBuildFile; fileRef = 6DDD44921AEF87B700A4B5D2 /* LaunchScreen.xib */; };
		6DDD44A01AEF87B700A4B5D2 /* Deck_TrackerTests.swift in Sources */ = {isa = PBXBuildFile; fileRef = 6DDD449F1AEF87B700A4B5D2 /* Deck_TrackerTests.swift */; };
		6DDD44AA1AEFB1B300A4B5D2 /* AddDeck.swift in Sources */ = {isa = PBXBuildFile; fileRef = 6DDD44A91AEFB1B300A4B5D2 /* AddDeck.swift */; };
		6DF363001AFB702600A5B507 /* AddGame.swift in Sources */ = {isa = PBXBuildFile; fileRef = 6DF362FF1AFB702600A5B507 /* AddGame.swift */; };
/* End PBXBuildFile section */

/* Begin PBXContainerItemProxy section */
		6DDD449A1AEF87B700A4B5D2 /* PBXContainerItemProxy */ = {
			isa = PBXContainerItemProxy;
			containerPortal = 6DDD447A1AEF87B700A4B5D2 /* Project object */;
			proxyType = 1;
			remoteGlobalIDString = 6DDD44811AEF87B700A4B5D2;
			remoteInfo = "Deck Tracker";
		};
/* End PBXContainerItemProxy section */

/* Begin PBXFileReference section */
		6D5960521AFCB2AD0039EE47 /* SelectDate.swift */ = {isa = PBXFileReference; fileEncoding = 4; lastKnownFileType = sourcecode.swift; path = SelectDate.swift; sourceTree = "<group>"; };
		6D5960541AFCD45E0039EE47 /* SelectDeck.swift */ = {isa = PBXFileReference; fileEncoding = 4; lastKnownFileType = sourcecode.swift; path = SelectDeck.swift; sourceTree = "<group>"; };
		6D5960561AFCD7880039EE47 /* SelectOpponentClass.swift */ = {isa = PBXFileReference; fileEncoding = 4; lastKnownFileType = sourcecode.swift; path = SelectOpponentClass.swift; sourceTree = "<group>"; };
		6D61AA421AF784E20013EB04 /* Game.swift */ = {isa = PBXFileReference; fileEncoding = 4; lastKnownFileType = sourcecode.swift; path = Game.swift; sourceTree = "<group>"; };
		6DD844CA1AF8A86F00CF9C80 /* Data.swift */ = {isa = PBXFileReference; fileEncoding = 4; lastKnownFileType = sourcecode.swift; path = Data.swift; sourceTree = "<group>"; };
		6DD844CC1AF8EFB300CF9C80 /* Decks.swift */ = {isa = PBXFileReference; fileEncoding = 4; lastKnownFileType = sourcecode.swift; path = Decks.swift; sourceTree = "<group>"; };
		6DD844CE1AFA306500CF9C80 /* CustomCell.swift */ = {isa = PBXFileReference; fileEncoding = 4; lastKnownFileType = sourcecode.swift; path = CustomCell.swift; sourceTree = "<group>"; };
		6DDD44821AEF87B700A4B5D2 /* Deck Tracker.app */ = {isa = PBXFileReference; explicitFileType = wrapper.application; includeInIndex = 0; path = "Deck Tracker.app"; sourceTree = BUILT_PRODUCTS_DIR; };
		6DDD44861AEF87B700A4B5D2 /* Info.plist */ = {isa = PBXFileReference; lastKnownFileType = text.plist.xml; path = Info.plist; sourceTree = "<group>"; };
		6DDD44871AEF87B700A4B5D2 /* AppDelegate.swift */ = {isa = PBXFileReference; lastKnownFileType = sourcecode.swift; path = AppDelegate.swift; sourceTree = "<group>"; };
		6DDD44891AEF87B700A4B5D2 /* DecksList.swift */ = {isa = PBXFileReference; lastKnownFileType = sourcecode.swift; path = DecksList.swift; sourceTree = "<group>"; };
		6DDD448B1AEF87B700A4B5D2 /* StatsList.swift */ = {isa = PBXFileReference; lastKnownFileType = sourcecode.swift; path = StatsList.swift; sourceTree = "<group>"; };
		6DDD448E1AEF87B700A4B5D2 /* Base */ = {isa = PBXFileReference; lastKnownFileType = file.storyboard; name = Base; path = Base.lproj/Main.storyboard; sourceTree = "<group>"; };
		6DDD44901AEF87B700A4B5D2 /* Images.xcassets */ = {isa = PBXFileReference; lastKnownFileType = folder.assetcatalog; path = Images.xcassets; sourceTree = "<group>"; };
		6DDD44931AEF87B700A4B5D2 /* Base */ = {isa = PBXFileReference; lastKnownFileType = file.xib; name = Base; path = Base.lproj/LaunchScreen.xib; sourceTree = "<group>"; };
		6DDD44991AEF87B700A4B5D2 /* Deck TrackerTests.xctest */ = {isa = PBXFileReference; explicitFileType = wrapper.cfbundle; includeInIndex = 0; path = "Deck TrackerTests.xctest"; sourceTree = BUILT_PRODUCTS_DIR; };
		6DDD449E1AEF87B700A4B5D2 /* Info.plist */ = {isa = PBXFileReference; lastKnownFileType = text.plist.xml; path = Info.plist; sourceTree = "<group>"; };
		6DDD449F1AEF87B700A4B5D2 /* Deck_TrackerTests.swift */ = {isa = PBXFileReference; lastKnownFileType = sourcecode.swift; path = Deck_TrackerTests.swift; sourceTree = "<group>"; };
		6DDD44A91AEFB1B300A4B5D2 /* AddDeck.swift */ = {isa = PBXFileReference; fileEncoding = 4; lastKnownFileType = sourcecode.swift; path = AddDeck.swift; sourceTree = "<group>"; };
		6DF362FF1AFB702600A5B507 /* AddGame.swift */ = {isa = PBXFileReference; fileEncoding = 4; lastKnownFileType = sourcecode.swift; path = AddGame.swift; sourceTree = "<group>"; };
/* End PBXFileReference section */

/* Begin PBXFrameworksBuildPhase section */
		6DDD447F1AEF87B700A4B5D2 /* Frameworks */ = {
			isa = PBXFrameworksBuildPhase;
			buildActionMask = 2147483647;
			files = (
			);
			runOnlyForDeploymentPostprocessing = 0;
		};
		6DDD44961AEF87B700A4B5D2 /* Frameworks */ = {
			isa = PBXFrameworksBuildPhase;
			buildActionMask = 2147483647;
			files = (
			);
			runOnlyForDeploymentPostprocessing = 0;
		};
/* End PBXFrameworksBuildPhase section */

/* Begin PBXGroup section */
		6DDD44791AEF87B700A4B5D2 = {
			isa = PBXGroup;
			children = (
				6DDD44841AEF87B700A4B5D2 /* Deck Tracker */,
				6DDD449C1AEF87B700A4B5D2 /* Deck TrackerTests */,
				6DDD44831AEF87B700A4B5D2 /* Products */,
			);
			sourceTree = "<group>";
		};
		6DDD44831AEF87B700A4B5D2 /* Products */ = {
			isa = PBXGroup;
			children = (
				6DDD44821AEF87B700A4B5D2 /* Deck Tracker.app */,
				6DDD44991AEF87B700A4B5D2 /* Deck TrackerTests.xctest */,
			);
			name = Products;
			sourceTree = "<group>";
		};
		6DDD44841AEF87B700A4B5D2 /* Deck Tracker */ = {
			isa = PBXGroup;
			children = (
				6DDD44871AEF87B700A4B5D2 /* AppDelegate.swift */,
				6D61AA421AF784E20013EB04 /* Game.swift */,
				6DD844CC1AF8EFB300CF9C80 /* Decks.swift */,
				6DD844CA1AF8A86F00CF9C80 /* Data.swift */,
				6DD844CE1AFA306500CF9C80 /* CustomCell.swift */,
				6DDD44891AEF87B700A4B5D2 /* DecksList.swift */,
				6DDD44A91AEFB1B300A4B5D2 /* AddDeck.swift */,
				6DDD448B1AEF87B700A4B5D2 /* StatsList.swift */,
				6DF362FF1AFB702600A5B507 /* AddGame.swift */,
				6D5960521AFCB2AD0039EE47 /* SelectDate.swift */,
				6D5960541AFCD45E0039EE47 /* SelectDeck.swift */,
				6D5960561AFCD7880039EE47 /* SelectOpponentClass.swift */,
				6DDD448D1AEF87B700A4B5D2 /* Main.storyboard */,
				6DDD44901AEF87B700A4B5D2 /* Images.xcassets */,
				6DDD44921AEF87B700A4B5D2 /* LaunchScreen.xib */,
				6DDD44851AEF87B700A4B5D2 /* Supporting Files */,
			);
			path = "Deck Tracker";
			sourceTree = "<group>";
		};
		6DDD44851AEF87B700A4B5D2 /* Supporting Files */ = {
			isa = PBXGroup;
			children = (
				6DDD44861AEF87B700A4B5D2 /* Info.plist */,
			);
			name = "Supporting Files";
			sourceTree = "<group>";
		};
		6DDD449C1AEF87B700A4B5D2 /* Deck TrackerTests */ = {
			isa = PBXGroup;
			children = (
				6DDD449F1AEF87B700A4B5D2 /* Deck_TrackerTests.swift */,
				6DDD449D1AEF87B700A4B5D2 /* Supporting Files */,
			);
			path = "Deck TrackerTests";
			sourceTree = "<group>";
		};
		6DDD449D1AEF87B700A4B5D2 /* Supporting Files */ = {
			isa = PBXGroup;
			children = (
				6DDD449E1AEF87B700A4B5D2 /* Info.plist */,
			);
			name = "Supporting Files";
			sourceTree = "<group>";
		};
/* End PBXGroup section */

/* Begin PBXNativeTarget section */
		6DDD44811AEF87B700A4B5D2 /* Deck Tracker */ = {
			isa = PBXNativeTarget;
			buildConfigurationList = 6DDD44A31AEF87B700A4B5D2 /* Build configuration list for PBXNativeTarget "Deck Tracker" */;
			buildPhases = (
				6DDD447E1AEF87B700A4B5D2 /* Sources */,
				6DDD447F1AEF87B700A4B5D2 /* Frameworks */,
				6DDD44801AEF87B700A4B5D2 /* Resources */,
			);
			buildRules = (
			);
			dependencies = (
			);
			name = "Deck Tracker";
			productName = "Deck Tracker";
			productReference = 6DDD44821AEF87B700A4B5D2 /* Deck Tracker.app */;
			productType = "com.apple.product-type.application";
		};
		6DDD44981AEF87B700A4B5D2 /* Deck TrackerTests */ = {
			isa = PBXNativeTarget;
			buildConfigurationList = 6DDD44A61AEF87B700A4B5D2 /* Build configuration list for PBXNativeTarget "Deck TrackerTests" */;
			buildPhases = (
				6DDD44951AEF87B700A4B5D2 /* Sources */,
				6DDD44961AEF87B700A4B5D2 /* Frameworks */,
				6DDD44971AEF87B700A4B5D2 /* Resources */,
			);
			buildRules = (
			);
			dependencies = (
				6DDD449B1AEF87B700A4B5D2 /* PBXTargetDependency */,
			);
			name = "Deck TrackerTests";
			productName = "Deck TrackerTests";
			productReference = 6DDD44991AEF87B700A4B5D2 /* Deck TrackerTests.xctest */;
			productType = "com.apple.product-type.bundle.unit-test";
		};
/* End PBXNativeTarget section */

/* Begin PBXProject section */
		6DDD447A1AEF87B700A4B5D2 /* Project object */ = {
			isa = PBXProject;
			attributes = {
				LastUpgradeCheck = 0630;
				ORGANIZATIONNAME = "Andrei Joghiu";
				TargetAttributes = {
					6DDD44811AEF87B700A4B5D2 = {
						CreatedOnToolsVersion = 6.3.1;
					};
					6DDD44981AEF87B700A4B5D2 = {
						CreatedOnToolsVersion = 6.3.1;
						TestTargetID = 6DDD44811AEF87B700A4B5D2;
					};
				};
			};
			buildConfigurationList = 6DDD447D1AEF87B700A4B5D2 /* Build configuration list for PBXProject "Deck Tracker" */;
			compatibilityVersion = "Xcode 3.2";
			developmentRegion = English;
			hasScannedForEncodings = 0;
			knownRegions = (
				en,
				Base,
			);
			mainGroup = 6DDD44791AEF87B700A4B5D2;
			productRefGroup = 6DDD44831AEF87B700A4B5D2 /* Products */;
			projectDirPath = "";
			projectRoot = "";
			targets = (
				6DDD44811AEF87B700A4B5D2 /* Deck Tracker */,
				6DDD44981AEF87B700A4B5D2 /* Deck TrackerTests */,
			);
		};
/* End PBXProject section */

/* Begin PBXResourcesBuildPhase section */
		6DDD44801AEF87B700A4B5D2 /* Resources */ = {
			isa = PBXResourcesBuildPhase;
			buildActionMask = 2147483647;
			files = (
				6DDD448F1AEF87B700A4B5D2 /* Main.storyboard in Resources */,
				6DDD44941AEF87B700A4B5D2 /* LaunchScreen.xib in Resources */,
				6DDD44911AEF87B700A4B5D2 /* Images.xcassets in Resources */,
			);
			runOnlyForDeploymentPostprocessing = 0;
		};
		6DDD44971AEF87B700A4B5D2 /* Resources */ = {
			isa = PBXResourcesBuildPhase;
			buildActionMask = 2147483647;
			files = (
			);
			runOnlyForDeploymentPostprocessing = 0;
		};
/* End PBXResourcesBuildPhase section */

/* Begin PBXSourcesBuildPhase section */
		6DDD447E1AEF87B700A4B5D2 /* Sources */ = {
			isa = PBXSourcesBuildPhase;
			buildActionMask = 2147483647;
			files = (
				6DD844CD1AF8EFB300CF9C80 /* Decks.swift in Sources */,
				6DDD44AA1AEFB1B300A4B5D2 /* AddDeck.swift in Sources */,
				6DD844CB1AF8A86F00CF9C80 /* Data.swift in Sources */,
				6D5960531AFCB2AD0039EE47 /* SelectDate.swift in Sources */,
				6DDD448C1AEF87B700A4B5D2 /* StatsList.swift in Sources */,
				6D5960571AFCD7880039EE47 /* SelectOpponentClass.swift in Sources */,
				6D5960551AFCD45E0039EE47 /* SelectDeck.swift in Sources */,
				6DDD44881AEF87B700A4B5D2 /* AppDelegate.swift in Sources */,
				6D61AA431AF784E20013EB04 /* Game.swift in Sources */,
				6DD844CF1AFA306500CF9C80 /* CustomCell.swift in Sources */,
				6DDD448A1AEF87B700A4B5D2 /* DecksList.swift in Sources */,
				6DF363001AFB702600A5B507 /* AddGame.swift in Sources */,
			);
			runOnlyForDeploymentPostprocessing = 0;
		};
		6DDD44951AEF87B700A4B5D2 /* Sources */ = {
			isa = PBXSourcesBuildPhase;
			buildActionMask = 2147483647;
			files = (
				6DDD44A01AEF87B700A4B5D2 /* Deck_TrackerTests.swift in Sources */,
			);
			runOnlyForDeploymentPostprocessing = 0;
		};
/* End PBXSourcesBuildPhase section */

/* Begin PBXTargetDependency section */
		6DDD449B1AEF87B700A4B5D2 /* PBXTargetDependency */ = {
			isa = PBXTargetDependency;
			target = 6DDD44811AEF87B700A4B5D2 /* Deck Tracker */;
			targetProxy = 6DDD449A1AEF87B700A4B5D2 /* PBXContainerItemProxy */;
		};
/* End PBXTargetDependency section */

/* Begin PBXVariantGroup section */
		6DDD448D1AEF87B700A4B5D2 /* Main.storyboard */ = {
			isa = PBXVariantGroup;
			children = (
				6DDD448E1AEF87B700A4B5D2 /* Base */,
			);
			name = Main.storyboard;
			sourceTree = "<group>";
		};
		6DDD44921AEF87B700A4B5D2 /* LaunchScreen.xib */ = {
			isa = PBXVariantGroup;
			children = (
				6DDD44931AEF87B700A4B5D2 /* Base */,
			);
			name = LaunchScreen.xib;
			sourceTree = "<group>";
		};
/* End PBXVariantGroup section */

/* Begin XCBuildConfiguration section */
		6DDD44A11AEF87B700A4B5D2 /* Debug */ = {
			isa = XCBuildConfiguration;
			buildSettings = {
				ALWAYS_SEARCH_USER_PATHS = NO;
				CLANG_CXX_LANGUAGE_STANDARD = "gnu++0x";
				CLANG_CXX_LIBRARY = "libc++";
				CLANG_ENABLE_MODULES = YES;
				CLANG_ENABLE_OBJC_ARC = YES;
				CLANG_WARN_BOOL_CONVERSION = YES;
				CLANG_WARN_CONSTANT_CONVERSION = YES;
				CLANG_WARN_DIRECT_OBJC_ISA_USAGE = YES_ERROR;
				CLANG_WARN_EMPTY_BODY = YES;
				CLANG_WARN_ENUM_CONVERSION = YES;
				CLANG_WARN_INT_CONVERSION = YES;
				CLANG_WARN_OBJC_ROOT_CLASS = YES_ERROR;
				CLANG_WARN_UNREACHABLE_CODE = YES;
				CLANG_WARN__DUPLICATE_METHOD_MATCH = YES;
				"CODE_SIGN_IDENTITY[sdk=iphoneos*]" = "iPhone Developer";
				COPY_PHASE_STRIP = NO;
				DEBUG_INFORMATION_FORMAT = "dwarf-with-dsym";
				ENABLE_STRICT_OBJC_MSGSEND = YES;
				GCC_C_LANGUAGE_STANDARD = gnu99;
				GCC_DYNAMIC_NO_PIC = NO;
				GCC_NO_COMMON_BLOCKS = YES;
				GCC_OPTIMIZATION_LEVEL = 0;
				GCC_PREPROCESSOR_DEFINITIONS = (
					"DEBUG=1",
					"$(inherited)",
				);
				GCC_SYMBOLS_PRIVATE_EXTERN = NO;
				GCC_WARN_64_TO_32_BIT_CONVERSION = YES;
				GCC_WARN_ABOUT_RETURN_TYPE = YES_ERROR;
				GCC_WARN_UNDECLARED_SELECTOR = YES;
				GCC_WARN_UNINITIALIZED_AUTOS = YES_AGGRESSIVE;
				GCC_WARN_UNUSED_FUNCTION = YES;
				GCC_WARN_UNUSED_VARIABLE = YES;
				IPHONEOS_DEPLOYMENT_TARGET = 8.3;
				MTL_ENABLE_DEBUG_INFO = YES;
				ONLY_ACTIVE_ARCH = YES;
				SDKROOT = iphoneos;
				SWIFT_OPTIMIZATION_LEVEL = "-Onone";
			};
			name = Debug;
		};
		6DDD44A21AEF87B700A4B5D2 /* Release */ = {
			isa = XCBuildConfiguration;
			buildSettings = {
				ALWAYS_SEARCH_USER_PATHS = NO;
				CLANG_CXX_LANGUAGE_STANDARD = "gnu++0x";
				CLANG_CXX_LIBRARY = "libc++";
				CLANG_ENABLE_MODULES = YES;
				CLANG_ENABLE_OBJC_ARC = YES;
				CLANG_WARN_BOOL_CONVERSION = YES;
				CLANG_WARN_CONSTANT_CONVERSION = YES;
				CLANG_WARN_DIRECT_OBJC_ISA_USAGE = YES_ERROR;
				CLANG_WARN_EMPTY_BODY = YES;
				CLANG_WARN_ENUM_CONVERSION = YES;
				CLANG_WARN_INT_CONVERSION = YES;
				CLANG_WARN_OBJC_ROOT_CLASS = YES_ERROR;
				CLANG_WARN_UNREACHABLE_CODE = YES;
				CLANG_WARN__DUPLICATE_METHOD_MATCH = YES;
				"CODE_SIGN_IDENTITY[sdk=iphoneos*]" = "iPhone Developer";
				COPY_PHASE_STRIP = NO;
				DEBUG_INFORMATION_FORMAT = "dwarf-with-dsym";
				ENABLE_NS_ASSERTIONS = NO;
				ENABLE_STRICT_OBJC_MSGSEND = YES;
				GCC_C_LANGUAGE_STANDARD = gnu99;
				GCC_NO_COMMON_BLOCKS = YES;
				GCC_WARN_64_TO_32_BIT_CONVERSION = YES;
				GCC_WARN_ABOUT_RETURN_TYPE = YES_ERROR;
				GCC_WARN_UNDECLARED_SELECTOR = YES;
				GCC_WARN_UNINITIALIZED_AUTOS = YES_AGGRESSIVE;
				GCC_WARN_UNUSED_FUNCTION = YES;
				GCC_WARN_UNUSED_VARIABLE = YES;
				IPHONEOS_DEPLOYMENT_TARGET = 8.3;
				MTL_ENABLE_DEBUG_INFO = NO;
				SDKROOT = iphoneos;
				VALIDATE_PRODUCT = YES;
			};
			name = Release;
		};
		6DDD44A41AEF87B700A4B5D2 /* Debug */ = {
			isa = XCBuildConfiguration;
			buildSettings = {
				ASSETCATALOG_COMPILER_APPICON_NAME = AppIcon;
				INFOPLIST_FILE = "Deck Tracker/Info.plist";
				LD_RUNPATH_SEARCH_PATHS = "$(inherited) @executable_path/Frameworks";
				PRODUCT_NAME = "$(TARGET_NAME)";
			};
			name = Debug;
		};
		6DDD44A51AEF87B700A4B5D2 /* Release */ = {
			isa = XCBuildConfiguration;
			buildSettings = {
				ASSETCATALOG_COMPILER_APPICON_NAME = AppIcon;
				INFOPLIST_FILE = "Deck Tracker/Info.plist";
				LD_RUNPATH_SEARCH_PATHS = "$(inherited) @executable_path/Frameworks";
				PRODUCT_NAME = "$(TARGET_NAME)";
			};
			name = Release;
		};
		6DDD44A71AEF87B700A4B5D2 /* Debug */ = {
			isa = XCBuildConfiguration;
			buildSettings = {
				BUNDLE_LOADER = "$(TEST_HOST)";
				FRAMEWORK_SEARCH_PATHS = (
					"$(SDKROOT)/Developer/Library/Frameworks",
					"$(inherited)",
				);
				GCC_PREPROCESSOR_DEFINITIONS = (
					"DEBUG=1",
					"$(inherited)",
				);
				INFOPLIST_FILE = "Deck TrackerTests/Info.plist";
				LD_RUNPATH_SEARCH_PATHS = "$(inherited) @executable_path/Frameworks @loader_path/Frameworks";
				PRODUCT_NAME = "$(TARGET_NAME)";
				TEST_HOST = "$(BUILT_PRODUCTS_DIR)/Deck Tracker.app/Deck Tracker";
			};
			name = Debug;
		};
		6DDD44A81AEF87B700A4B5D2 /* Release */ = {
			isa = XCBuildConfiguration;
			buildSettings = {
				BUNDLE_LOADER = "$(TEST_HOST)";
				FRAMEWORK_SEARCH_PATHS = (
					"$(SDKROOT)/Developer/Library/Frameworks",
					"$(inherited)",
				);
				INFOPLIST_FILE = "Deck TrackerTests/Info.plist";
				LD_RUNPATH_SEARCH_PATHS = "$(inherited) @executable_path/Frameworks @loader_path/Frameworks";
				PRODUCT_NAME = "$(TARGET_NAME)";
				TEST_HOST = "$(BUILT_PRODUCTS_DIR)/Deck Tracker.app/Deck Tracker";
			};
			name = Release;
		};
/* End XCBuildConfiguration section */

/* Begin XCConfigurationList section */
		6DDD447D1AEF87B700A4B5D2 /* Build configuration list for PBXProject "Deck Tracker" */ = {
			isa = XCConfigurationList;
			buildConfigurations = (
				6DDD44A11AEF87B700A4B5D2 /* Debug */,
				6DDD44A21AEF87B700A4B5D2 /* Release */,
			);
			defaultConfigurationIsVisible = 0;
			defaultConfigurationName = Release;
		};
		6DDD44A31AEF87B700A4B5D2 /* Build configuration list for PBXNativeTarget "Deck Tracker" */ = {
			isa = XCConfigurationList;
			buildConfigurations = (
				6DDD44A41AEF87B700A4B5D2 /* Debug */,
				6DDD44A51AEF87B700A4B5D2 /* Release */,
			);
			defaultConfigurationIsVisible = 0;
			defaultConfigurationName = Release;
		};
		6DDD44A61AEF87B700A4B5D2 /* Build configuration list for PBXNativeTarget "Deck TrackerTests" */ = {
			isa = XCConfigurationList;
			buildConfigurations = (
				6DDD44A71AEF87B700A4B5D2 /* Debug */,
				6DDD44A81AEF87B700A4B5D2 /* Release */,
			);
			defaultConfigurationIsVisible = 0;
			defaultConfigurationName = Release;
		};
/* End XCConfigurationList section */
	};
	rootObject = 6DDD447A1AEF87B700A4B5D2 /* Project object */;
}
